// !$*UTF8*$!
{
	archiveVersion = 1;
	classes = {
	};
	objectVersion = 56;
	objects = {

/* Begin PBXBuildFile section */
		DEEEECA32ADF750800EE3D87 /* ExampleWithHasuraAndComplexInterfaceApp.swift in Sources */ = {isa = PBXBuildFile; fileRef = DEEEECA22ADF750800EE3D87 /* ExampleWithHasuraAndComplexInterfaceApp.swift */; };
		DEEEECA52ADF750800EE3D87 /* ContentView.swift in Sources */ = {isa = PBXBuildFile; fileRef = DEEEECA42ADF750800EE3D87 /* ContentView.swift */; };
		DEEEECA72ADF750900EE3D87 /* Assets.xcassets in Resources */ = {isa = PBXBuildFile; fileRef = DEEEECA62ADF750900EE3D87 /* Assets.xcassets */; };
		DEEEECAA2ADF750900EE3D87 /* Preview Assets.xcassets in Resources */ = {isa = PBXBuildFile; fileRef = DEEEECA92ADF750900EE3D87 /* Preview Assets.xcassets */; };
		DEEEECB42ADF750900EE3D87 /* ExampleWithHasuraAndComplexInterfaceTests.swift in Sources */ = {isa = PBXBuildFile; fileRef = DEEEECB32ADF750900EE3D87 /* ExampleWithHasuraAndComplexInterfaceTests.swift */; };
		DEEEECBE2ADF750900EE3D87 /* ExampleWithHasuraAndComplexInterfaceUITests.swift in Sources */ = {isa = PBXBuildFile; fileRef = DEEEECBD2ADF750900EE3D87 /* ExampleWithHasuraAndComplexInterfaceUITests.swift */; };
		DEEEECC02ADF750900EE3D87 /* ExampleWithHasuraAndComplexInterfaceUITestsLaunchTests.swift in Sources */ = {isa = PBXBuildFile; fileRef = DEEEECBF2ADF750900EE3D87 /* ExampleWithHasuraAndComplexInterfaceUITestsLaunchTests.swift */; };
/* End PBXBuildFile section */

/* Begin PBXContainerItemProxy section */
		DEEEECB02ADF750900EE3D87 /* PBXContainerItemProxy */ = {
			isa = PBXContainerItemProxy;
			containerPortal = DEEEEC972ADF750800EE3D87 /* Project object */;
			proxyType = 1;
			remoteGlobalIDString = DEEEEC9E2ADF750800EE3D87;
			remoteInfo = ExampleWithHasuraAndComplexInterface;
		};
		DEEEECBA2ADF750900EE3D87 /* PBXContainerItemProxy */ = {
			isa = PBXContainerItemProxy;
			containerPortal = DEEEEC972ADF750800EE3D87 /* Project object */;
			proxyType = 1;
			remoteGlobalIDString = DEEEEC9E2ADF750800EE3D87;
			remoteInfo = ExampleWithHasuraAndComplexInterface;
		};
/* End PBXContainerItemProxy section */

/* Begin PBXFileReference section */
		DEEEEC9F2ADF750800EE3D87 /* ExampleWithHasuraAndComplexInterface.app */ = {isa = PBXFileReference; explicitFileType = wrapper.application; includeInIndex = 0; path = ExampleWithHasuraAndComplexInterface.app; sourceTree = BUILT_PRODUCTS_DIR; };
		DEEEECA22ADF750800EE3D87 /* ExampleWithHasuraAndComplexInterfaceApp.swift */ = {isa = PBXFileReference; lastKnownFileType = sourcecode.swift; path = ExampleWithHasuraAndComplexInterfaceApp.swift; sourceTree = "<group>"; };
		DEEEECA42ADF750800EE3D87 /* ContentView.swift */ = {isa = PBXFileReference; lastKnownFileType = sourcecode.swift; path = ContentView.swift; sourceTree = "<group>"; };
		DEEEECA62ADF750900EE3D87 /* Assets.xcassets */ = {isa = PBXFileReference; lastKnownFileType = folder.assetcatalog; path = Assets.xcassets; sourceTree = "<group>"; };
		DEEEECA92ADF750900EE3D87 /* Preview Assets.xcassets */ = {isa = PBXFileReference; lastKnownFileType = folder.assetcatalog; path = "Preview Assets.xcassets"; sourceTree = "<group>"; };
		DEEEECAF2ADF750900EE3D87 /* ExampleWithHasuraAndComplexInterfaceTests.xctest */ = {isa = PBXFileReference; explicitFileType = wrapper.cfbundle; includeInIndex = 0; path = ExampleWithHasuraAndComplexInterfaceTests.xctest; sourceTree = BUILT_PRODUCTS_DIR; };
		DEEEECB32ADF750900EE3D87 /* ExampleWithHasuraAndComplexInterfaceTests.swift */ = {isa = PBXFileReference; lastKnownFileType = sourcecode.swift; path = ExampleWithHasuraAndComplexInterfaceTests.swift; sourceTree = "<group>"; };
		DEEEECB92ADF750900EE3D87 /* ExampleWithHasuraAndComplexInterfaceUITests.xctest */ = {isa = PBXFileReference; explicitFileType = wrapper.cfbundle; includeInIndex = 0; path = ExampleWithHasuraAndComplexInterfaceUITests.xctest; sourceTree = BUILT_PRODUCTS_DIR; };
		DEEEECBD2ADF750900EE3D87 /* ExampleWithHasuraAndComplexInterfaceUITests.swift */ = {isa = PBXFileReference; lastKnownFileType = sourcecode.swift; path = ExampleWithHasuraAndComplexInterfaceUITests.swift; sourceTree = "<group>"; };
		DEEEECBF2ADF750900EE3D87 /* ExampleWithHasuraAndComplexInterfaceUITestsLaunchTests.swift */ = {isa = PBXFileReference; lastKnownFileType = sourcecode.swift; path = ExampleWithHasuraAndComplexInterfaceUITestsLaunchTests.swift; sourceTree = "<group>"; };
/* End PBXFileReference section */

/* Begin PBXFrameworksBuildPhase section */
		DEEEEC9C2ADF750800EE3D87 /* Frameworks */ = {
			isa = PBXFrameworksBuildPhase;
			buildActionMask = 2147483647;
			files = (
			);
			runOnlyForDeploymentPostprocessing = 0;
		};
		DEEEECAC2ADF750900EE3D87 /* Frameworks */ = {
			isa = PBXFrameworksBuildPhase;
			buildActionMask = 2147483647;
			files = (
			);
			runOnlyForDeploymentPostprocessing = 0;
		};
		DEEEECB62ADF750900EE3D87 /* Frameworks */ = {
			isa = PBXFrameworksBuildPhase;
			buildActionMask = 2147483647;
			files = (
			);
			runOnlyForDeploymentPostprocessing = 0;
		};
/* End PBXFrameworksBuildPhase section */

/* Begin PBXGroup section */
		DEEEEC962ADF750800EE3D87 = {
			isa = PBXGroup;
			children = (
				DEEEECA12ADF750800EE3D87 /* ExampleWithHasuraAndComplexInterface */,
				DEEEECB22ADF750900EE3D87 /* ExampleWithHasuraAndComplexInterfaceTests */,
				DEEEECBC2ADF750900EE3D87 /* ExampleWithHasuraAndComplexInterfaceUITests */,
				DEEEECA02ADF750800EE3D87 /* Products */,
			);
			sourceTree = "<group>";
		};
		DEEEECA02ADF750800EE3D87 /* Products */ = {
			isa = PBXGroup;
			children = (
				DEEEEC9F2ADF750800EE3D87 /* ExampleWithHasuraAndComplexInterface.app */,
				DEEEECAF2ADF750900EE3D87 /* ExampleWithHasuraAndComplexInterfaceTests.xctest */,
				DEEEECB92ADF750900EE3D87 /* ExampleWithHasuraAndComplexInterfaceUITests.xctest */,
			);
			name = Products;
			sourceTree = "<group>";
		};
		DEEEECA12ADF750800EE3D87 /* ExampleWithHasuraAndComplexInterface */ = {
			isa = PBXGroup;
			children = (
				DEEEECA22ADF750800EE3D87 /* ExampleWithHasuraAndComplexInterfaceApp.swift */,
				DEEEECA42ADF750800EE3D87 /* ContentView.swift */,
				DEEEECA62ADF750900EE3D87 /* Assets.xcassets */,
				DEEEECA82ADF750900EE3D87 /* Preview Content */,
			);
			path = ExampleWithHasuraAndComplexInterface;
			sourceTree = "<group>";
		};
		DEEEECA82ADF750900EE3D87 /* Preview Content */ = {
			isa = PBXGroup;
			children = (
				DEEEECA92ADF750900EE3D87 /* Preview Assets.xcassets */,
			);
			path = "Preview Content";
			sourceTree = "<group>";
		};
		DEEEECB22ADF750900EE3D87 /* ExampleWithHasuraAndComplexInterfaceTests */ = {
			isa = PBXGroup;
			children = (
				DEEEECB32ADF750900EE3D87 /* ExampleWithHasuraAndComplexInterfaceTests.swift */,
			);
			path = ExampleWithHasuraAndComplexInterfaceTests;
			sourceTree = "<group>";
		};
		DEEEECBC2ADF750900EE3D87 /* ExampleWithHasuraAndComplexInterfaceUITests */ = {
			isa = PBXGroup;
			children = (
				DEEEECBD2ADF750900EE3D87 /* ExampleWithHasuraAndComplexInterfaceUITests.swift */,
				DEEEECBF2ADF750900EE3D87 /* ExampleWithHasuraAndComplexInterfaceUITestsLaunchTests.swift */,
			);
			path = ExampleWithHasuraAndComplexInterfaceUITests;
			sourceTree = "<group>";
		};
/* End PBXGroup section */

/* Begin PBXNativeTarget section */
		DEEEEC9E2ADF750800EE3D87 /* ExampleWithHasuraAndComplexInterface */ = {
			isa = PBXNativeTarget;
			buildConfigurationList = DEEEECC32ADF750900EE3D87 /* Build configuration list for PBXNativeTarget "ExampleWithHasuraAndComplexInterface" */;
			buildPhases = (
				DEEEEC9B2ADF750800EE3D87 /* Sources */,
				DEEEEC9C2ADF750800EE3D87 /* Frameworks */,
				DEEEEC9D2ADF750800EE3D87 /* Resources */,
			);
			buildRules = (
			);
			dependencies = (
			);
			name = ExampleWithHasuraAndComplexInterface;
			productName = ExampleWithHasuraAndComplexInterface;
			productReference = DEEEEC9F2ADF750800EE3D87 /* ExampleWithHasuraAndComplexInterface.app */;
			productType = "com.apple.product-type.application";
		};
		DEEEECAE2ADF750900EE3D87 /* ExampleWithHasuraAndComplexInterfaceTests */ = {
			isa = PBXNativeTarget;
			buildConfigurationList = DEEEECC62ADF750900EE3D87 /* Build configuration list for PBXNativeTarget "ExampleWithHasuraAndComplexInterfaceTests" */;
			buildPhases = (
				DEEEECAB2ADF750900EE3D87 /* Sources */,
				DEEEECAC2ADF750900EE3D87 /* Frameworks */,
				DEEEECAD2ADF750900EE3D87 /* Resources */,
			);
			buildRules = (
			);
			dependencies = (
				DEEEECB12ADF750900EE3D87 /* PBXTargetDependency */,
			);
			name = ExampleWithHasuraAndComplexInterfaceTests;
			productName = ExampleWithHasuraAndComplexInterfaceTests;
			productReference = DEEEECAF2ADF750900EE3D87 /* ExampleWithHasuraAndComplexInterfaceTests.xctest */;
			productType = "com.apple.product-type.bundle.unit-test";
		};
		DEEEECB82ADF750900EE3D87 /* ExampleWithHasuraAndComplexInterfaceUITests */ = {
			isa = PBXNativeTarget;
			buildConfigurationList = DEEEECC92ADF750900EE3D87 /* Build configuration list for PBXNativeTarget "ExampleWithHasuraAndComplexInterfaceUITests" */;
			buildPhases = (
				DEEEECB52ADF750900EE3D87 /* Sources */,
				DEEEECB62ADF750900EE3D87 /* Frameworks */,
				DEEEECB72ADF750900EE3D87 /* Resources */,
			);
			buildRules = (
			);
			dependencies = (
				DEEEECBB2ADF750900EE3D87 /* PBXTargetDependency */,
			);
			name = ExampleWithHasuraAndComplexInterfaceUITests;
			productName = ExampleWithHasuraAndComplexInterfaceUITests;
			productReference = DEEEECB92ADF750900EE3D87 /* ExampleWithHasuraAndComplexInterfaceUITests.xctest */;
			productType = "com.apple.product-type.bundle.ui-testing";
		};
/* End PBXNativeTarget section */

/* Begin PBXProject section */
		DEEEEC972ADF750800EE3D87 /* Project object */ = {
			isa = PBXProject;
			attributes = {
				BuildIndependentTargetsInParallel = 1;
				LastSwiftUpdateCheck = 1500;
				LastUpgradeCheck = 1500;
				TargetAttributes = {
					DEEEEC9E2ADF750800EE3D87 = {
						CreatedOnToolsVersion = 15.0;
					};
					DEEEECAE2ADF750900EE3D87 = {
						CreatedOnToolsVersion = 15.0;
						TestTargetID = DEEEEC9E2ADF750800EE3D87;
					};
					DEEEECB82ADF750900EE3D87 = {
						CreatedOnToolsVersion = 15.0;
						TestTargetID = DEEEEC9E2ADF750800EE3D87;
					};
				};
			};
			buildConfigurationList = DEEEEC9A2ADF750800EE3D87 /* Build configuration list for PBXProject "ExampleWithHasuraAndComplexInterface" */;
			compatibilityVersion = "Xcode 14.0";
			developmentRegion = en;
			hasScannedForEncodings = 0;
			knownRegions = (
				en,
				Base,
			);
			mainGroup = DEEEEC962ADF750800EE3D87;
			productRefGroup = DEEEECA02ADF750800EE3D87 /* Products */;
			projectDirPath = "";
			projectRoot = "";
			targets = (
				DEEEEC9E2ADF750800EE3D87 /* ExampleWithHasuraAndComplexInterface */,
				DEEEECAE2ADF750900EE3D87 /* ExampleWithHasuraAndComplexInterfaceTests */,
				DEEEECB82ADF750900EE3D87 /* ExampleWithHasuraAndComplexInterfaceUITests */,
			);
		};
/* End PBXProject section */

/* Begin PBXResourcesBuildPhase section */
		DEEEEC9D2ADF750800EE3D87 /* Resources */ = {
			isa = PBXResourcesBuildPhase;
			buildActionMask = 2147483647;
			files = (
				DEEEECAA2ADF750900EE3D87 /* Preview Assets.xcassets in Resources */,
				DEEEECA72ADF750900EE3D87 /* Assets.xcassets in Resources */,
			);
			runOnlyForDeploymentPostprocessing = 0;
		};
		DEEEECAD2ADF750900EE3D87 /* Resources */ = {
			isa = PBXResourcesBuildPhase;
			buildActionMask = 2147483647;
			files = (
			);
			runOnlyForDeploymentPostprocessing = 0;
		};
		DEEEECB72ADF750900EE3D87 /* Resources */ = {
			isa = PBXResourcesBuildPhase;
			buildActionMask = 2147483647;
			files = (
			);
			runOnlyForDeploymentPostprocessing = 0;
		};
/* End PBXResourcesBuildPhase section */

/* Begin PBXSourcesBuildPhase section */
		DEEEEC9B2ADF750800EE3D87 /* Sources */ = {
			isa = PBXSourcesBuildPhase;
			buildActionMask = 2147483647;
			files = (
				DEEEECA52ADF750800EE3D87 /* ContentView.swift in Sources */,
				DEEEECA32ADF750800EE3D87 /* ExampleWithHasuraAndComplexInterfaceApp.swift in Sources */,
			);
			runOnlyForDeploymentPostprocessing = 0;
		};
		DEEEECAB2ADF750900EE3D87 /* Sources */ = {
			isa = PBXSourcesBuildPhase;
			buildActionMask = 2147483647;
			files = (
				DEEEECB42ADF750900EE3D87 /* ExampleWithHasuraAndComplexInterfaceTests.swift in Sources */,
			);
			runOnlyForDeploymentPostprocessing = 0;
		};
		DEEEECB52ADF750900EE3D87 /* Sources */ = {
			isa = PBXSourcesBuildPhase;
			buildActionMask = 2147483647;
			files = (
				DEEEECC02ADF750900EE3D87 /* ExampleWithHasuraAndComplexInterfaceUITestsLaunchTests.swift in Sources */,
				DEEEECBE2ADF750900EE3D87 /* ExampleWithHasuraAndComplexInterfaceUITests.swift in Sources */,
			);
			runOnlyForDeploymentPostprocessing = 0;
		};
/* End PBXSourcesBuildPhase section */

/* Begin PBXTargetDependency section */
		DEEEECB12ADF750900EE3D87 /* PBXTargetDependency */ = {
			isa = PBXTargetDependency;
			target = DEEEEC9E2ADF750800EE3D87 /* ExampleWithHasuraAndComplexInterface */;
			targetProxy = DEEEECB02ADF750900EE3D87 /* PBXContainerItemProxy */;
		};
		DEEEECBB2ADF750900EE3D87 /* PBXTargetDependency */ = {
			isa = PBXTargetDependency;
			target = DEEEEC9E2ADF750800EE3D87 /* ExampleWithHasuraAndComplexInterface */;
			targetProxy = DEEEECBA2ADF750900EE3D87 /* PBXContainerItemProxy */;
		};
/* End PBXTargetDependency section */

/* Begin XCBuildConfiguration section */
		DEEEECC12ADF750900EE3D87 /* Debug */ = {
			isa = XCBuildConfiguration;
			buildSettings = {
				ALWAYS_SEARCH_USER_PATHS = NO;
				ASSETCATALOG_COMPILER_GENERATE_SWIFT_ASSET_SYMBOL_EXTENSIONS = YES;
				CLANG_ANALYZER_NONNULL = YES;
				CLANG_ANALYZER_NUMBER_OBJECT_CONVERSION = YES_AGGRESSIVE;
				CLANG_CXX_LANGUAGE_STANDARD = "gnu++20";
				CLANG_ENABLE_MODULES = YES;
				CLANG_ENABLE_OBJC_ARC = YES;
				CLANG_ENABLE_OBJC_WEAK = YES;
				CLANG_WARN_BLOCK_CAPTURE_AUTORELEASING = YES;
				CLANG_WARN_BOOL_CONVERSION = YES;
				CLANG_WARN_COMMA = YES;
				CLANG_WARN_CONSTANT_CONVERSION = YES;
				CLANG_WARN_DEPRECATED_OBJC_IMPLEMENTATIONS = YES;
				CLANG_WARN_DIRECT_OBJC_ISA_USAGE = YES_ERROR;
				CLANG_WARN_DOCUMENTATION_COMMENTS = YES;
				CLANG_WARN_EMPTY_BODY = YES;
				CLANG_WARN_ENUM_CONVERSION = YES;
				CLANG_WARN_INFINITE_RECURSION = YES;
				CLANG_WARN_INT_CONVERSION = YES;
				CLANG_WARN_NON_LITERAL_NULL_CONVERSION = YES;
				CLANG_WARN_OBJC_IMPLICIT_RETAIN_SELF = YES;
				CLANG_WARN_OBJC_LITERAL_CONVERSION = YES;
				CLANG_WARN_OBJC_ROOT_CLASS = YES_ERROR;
				CLANG_WARN_QUOTED_INCLUDE_IN_FRAMEWORK_HEADER = YES;
				CLANG_WARN_RANGE_LOOP_ANALYSIS = YES;
				CLANG_WARN_STRICT_PROTOTYPES = YES;
				CLANG_WARN_SUSPICIOUS_MOVE = YES;
				CLANG_WARN_UNGUARDED_AVAILABILITY = YES_AGGRESSIVE;
				CLANG_WARN_UNREACHABLE_CODE = YES;
				CLANG_WARN__DUPLICATE_METHOD_MATCH = YES;
				COPY_PHASE_STRIP = NO;
				DEBUG_INFORMATION_FORMAT = dwarf;
				ENABLE_STRICT_OBJC_MSGSEND = YES;
				ENABLE_TESTABILITY = YES;
				ENABLE_USER_SCRIPT_SANDBOXING = YES;
				GCC_C_LANGUAGE_STANDARD = gnu17;
				GCC_DYNAMIC_NO_PIC = NO;
				GCC_NO_COMMON_BLOCKS = YES;
				GCC_OPTIMIZATION_LEVEL = 0;
				GCC_PREPROCESSOR_DEFINITIONS = (
					"DEBUG=1",
					"$(inherited)",
				);
				GCC_WARN_64_TO_32_BIT_CONVERSION = YES;
				GCC_WARN_ABOUT_RETURN_TYPE = YES_ERROR;
				GCC_WARN_UNDECLARED_SELECTOR = YES;
				GCC_WARN_UNINITIALIZED_AUTOS = YES_AGGRESSIVE;
				GCC_WARN_UNUSED_FUNCTION = YES;
				GCC_WARN_UNUSED_VARIABLE = YES;
				IPHONEOS_DEPLOYMENT_TARGET = 17.0;
				LOCALIZATION_PREFERS_STRING_CATALOGS = YES;
				MTL_ENABLE_DEBUG_INFO = INCLUDE_SOURCE;
				MTL_FAST_MATH = YES;
				ONLY_ACTIVE_ARCH = YES;
				SDKROOT = iphoneos;
				SWIFT_ACTIVE_COMPILATION_CONDITIONS = "DEBUG $(inherited)";
				SWIFT_OPTIMIZATION_LEVEL = "-Onone";
			};
			name = Debug;
		};
		DEEEECC22ADF750900EE3D87 /* Release */ = {
			isa = XCBuildConfiguration;
			buildSettings = {
				ALWAYS_SEARCH_USER_PATHS = NO;
				ASSETCATALOG_COMPILER_GENERATE_SWIFT_ASSET_SYMBOL_EXTENSIONS = YES;
				CLANG_ANALYZER_NONNULL = YES;
				CLANG_ANALYZER_NUMBER_OBJECT_CONVERSION = YES_AGGRESSIVE;
				CLANG_CXX_LANGUAGE_STANDARD = "gnu++20";
				CLANG_ENABLE_MODULES = YES;
				CLANG_ENABLE_OBJC_ARC = YES;
				CLANG_ENABLE_OBJC_WEAK = YES;
				CLANG_WARN_BLOCK_CAPTURE_AUTORELEASING = YES;
				CLANG_WARN_BOOL_CONVERSION = YES;
				CLANG_WARN_COMMA = YES;
				CLANG_WARN_CONSTANT_CONVERSION = YES;
				CLANG_WARN_DEPRECATED_OBJC_IMPLEMENTATIONS = YES;
				CLANG_WARN_DIRECT_OBJC_ISA_USAGE = YES_ERROR;
				CLANG_WARN_DOCUMENTATION_COMMENTS = YES;
				CLANG_WARN_EMPTY_BODY = YES;
				CLANG_WARN_ENUM_CONVERSION = YES;
				CLANG_WARN_INFINITE_RECURSION = YES;
				CLANG_WARN_INT_CONVERSION = YES;
				CLANG_WARN_NON_LITERAL_NULL_CONVERSION = YES;
				CLANG_WARN_OBJC_IMPLICIT_RETAIN_SELF = YES;
				CLANG_WARN_OBJC_LITERAL_CONVERSION = YES;
				CLANG_WARN_OBJC_ROOT_CLASS = YES_ERROR;
				CLANG_WARN_QUOTED_INCLUDE_IN_FRAMEWORK_HEADER = YES;
				CLANG_WARN_RANGE_LOOP_ANALYSIS = YES;
				CLANG_WARN_STRICT_PROTOTYPES = YES;
				CLANG_WARN_SUSPICIOUS_MOVE = YES;
				CLANG_WARN_UNGUARDED_AVAILABILITY = YES_AGGRESSIVE;
				CLANG_WARN_UNREACHABLE_CODE = YES;
				CLANG_WARN__DUPLICATE_METHOD_MATCH = YES;
				COPY_PHASE_STRIP = NO;
				DEBUG_INFORMATION_FORMAT = "dwarf-with-dsym";
				ENABLE_NS_ASSERTIONS = NO;
				ENABLE_STRICT_OBJC_MSGSEND = YES;
				ENABLE_USER_SCRIPT_SANDBOXING = YES;
				GCC_C_LANGUAGE_STANDARD = gnu17;
				GCC_NO_COMMON_BLOCKS = YES;
				GCC_WARN_64_TO_32_BIT_CONVERSION = YES;
				GCC_WARN_ABOUT_RETURN_TYPE = YES_ERROR;
				GCC_WARN_UNDECLARED_SELECTOR = YES;
				GCC_WARN_UNINITIALIZED_AUTOS = YES_AGGRESSIVE;
				GCC_WARN_UNUSED_FUNCTION = YES;
				GCC_WARN_UNUSED_VARIABLE = YES;
				IPHONEOS_DEPLOYMENT_TARGET = 17.0;
				LOCALIZATION_PREFERS_STRING_CATALOGS = YES;
				MTL_ENABLE_DEBUG_INFO = NO;
				MTL_FAST_MATH = YES;
				SDKROOT = iphoneos;
				SWIFT_COMPILATION_MODE = wholemodule;
				VALIDATE_PRODUCT = YES;
			};
			name = Release;
		};
		DEEEECC42ADF750900EE3D87 /* Debug */ = {
			isa = XCBuildConfiguration;
			buildSettings = {
				ASSETCATALOG_COMPILER_APPICON_NAME = AppIcon;
				ASSETCATALOG_COMPILER_GLOBAL_ACCENT_COLOR_NAME = AccentColor;
				CODE_SIGN_STYLE = Automatic;
				CURRENT_PROJECT_VERSION = 1;
				DEVELOPMENT_ASSET_PATHS = "\"ExampleWithHasuraAndComplexInterface/Preview Content\"";
				DEVELOPMENT_TEAM = S5BF5553KY;
				ENABLE_PREVIEWS = YES;
				GENERATE_INFOPLIST_FILE = YES;
				INFOPLIST_KEY_UIApplicationSceneManifest_Generation = YES;
				INFOPLIST_KEY_UIApplicationSupportsIndirectInputEvents = YES;
				INFOPLIST_KEY_UILaunchScreen_Generation = YES;
				INFOPLIST_KEY_UISupportedInterfaceOrientations_iPad = "UIInterfaceOrientationPortrait UIInterfaceOrientationPortraitUpsideDown UIInterfaceOrientationLandscapeLeft UIInterfaceOrientationLandscapeRight";
				INFOPLIST_KEY_UISupportedInterfaceOrientations_iPhone = "UIInterfaceOrientationPortrait UIInterfaceOrientationLandscapeLeft UIInterfaceOrientationLandscapeRight";
				LD_RUNPATH_SEARCH_PATHS = (
					"$(inherited)",
					"@executable_path/Frameworks",
				);
				MARKETING_VERSION = 1.0;
				PRODUCT_BUNDLE_IDENTIFIER = net.just1factory.ExampleWithHasuraAndComplexInterface;
				PRODUCT_NAME = "$(TARGET_NAME)";
				SWIFT_EMIT_LOC_STRINGS = YES;
				SWIFT_VERSION = 5.0;
				TARGETED_DEVICE_FAMILY = "1,2";
			};
			name = Debug;
		};
		DEEEECC52ADF750900EE3D87 /* Release */ = {
			isa = XCBuildConfiguration;
			buildSettings = {
				ASSETCATALOG_COMPILER_APPICON_NAME = AppIcon;
				ASSETCATALOG_COMPILER_GLOBAL_ACCENT_COLOR_NAME = AccentColor;
				CODE_SIGN_STYLE = Automatic;
				CURRENT_PROJECT_VERSION = 1;
				DEVELOPMENT_ASSET_PATHS = "\"ExampleWithHasuraAndComplexInterface/Preview Content\"";
				DEVELOPMENT_TEAM = S5BF5553KY;
				ENABLE_PREVIEWS = YES;
				GENERATE_INFOPLIST_FILE = YES;
				INFOPLIST_KEY_UIApplicationSceneManifest_Generation = YES;
				INFOPLIST_KEY_UIApplicationSupportsIndirectInputEvents = YES;
				INFOPLIST_KEY_UILaunchScreen_Generation = YES;
				INFOPLIST_KEY_UISupportedInterfaceOrientations_iPad = "UIInterfaceOrientationPortrait UIInterfaceOrientationPortraitUpsideDown UIInterfaceOrientationLandscapeLeft UIInterfaceOrientationLandscapeRight";
				INFOPLIST_KEY_UISupportedInterfaceOrientations_iPhone = "UIInterfaceOrientationPortrait UIInterfaceOrientationLandscapeLeft UIInterfaceOrientationLandscapeRight";
				LD_RUNPATH_SEARCH_PATHS = (
					"$(inherited)",
					"@executable_path/Frameworks",
				);
				MARKETING_VERSION = 1.0;
				PRODUCT_BUNDLE_IDENTIFIER = net.just1factory.ExampleWithHasuraAndComplexInterface;
				PRODUCT_NAME = "$(TARGET_NAME)";
				SWIFT_EMIT_LOC_STRINGS = YES;
				SWIFT_VERSION = 5.0;
				TARGETED_DEVICE_FAMILY = "1,2";
			};
			name = Release;
		};
		DEEEECC72ADF750900EE3D87 /* Debug */ = {
			isa = XCBuildConfiguration;
			buildSettings = {
				ALWAYS_EMBED_SWIFT_STANDARD_LIBRARIES = YES;
				BUNDLE_LOADER = "$(TEST_HOST)";
				CODE_SIGN_STYLE = Automatic;
				CURRENT_PROJECT_VERSION = 1;
				DEVELOPMENT_TEAM = S5BF5553KY;
				GENERATE_INFOPLIST_FILE = YES;
				IPHONEOS_DEPLOYMENT_TARGET = 17.0;
				MARKETING_VERSION = 1.0;
				PRODUCT_BUNDLE_IDENTIFIER = net.just1factory.ExampleWithHasuraAndComplexInterfaceTests;
				PRODUCT_NAME = "$(TARGET_NAME)";
				SWIFT_EMIT_LOC_STRINGS = NO;
				SWIFT_VERSION = 5.0;
				TARGETED_DEVICE_FAMILY = "1,2";
				TEST_HOST = "$(BUILT_PRODUCTS_DIR)/ExampleWithHasuraAndComplexInterface.app/$(BUNDLE_EXECUTABLE_FOLDER_PATH)/ExampleWithHasuraAndComplexInterface";
			};
			name = Debug;
		};
		DEEEECC82ADF750900EE3D87 /* Release */ = {
			isa = XCBuildConfiguration;
			buildSettings = {
				ALWAYS_EMBED_SWIFT_STANDARD_LIBRARIES = YES;
				BUNDLE_LOADER = "$(TEST_HOST)";
				CODE_SIGN_STYLE = Automatic;
				CURRENT_PROJECT_VERSION = 1;
				DEVELOPMENT_TEAM = S5BF5553KY;
				GENERATE_INFOPLIST_FILE = YES;
				IPHONEOS_DEPLOYMENT_TARGET = 17.0;
				MARKETING_VERSION = 1.0;
				PRODUCT_BUNDLE_IDENTIFIER = net.just1factory.ExampleWithHasuraAndComplexInterfaceTests;
				PRODUCT_NAME = "$(TARGET_NAME)";
				SWIFT_EMIT_LOC_STRINGS = NO;
				SWIFT_VERSION = 5.0;
				TARGETED_DEVICE_FAMILY = "1,2";
				TEST_HOST = "$(BUILT_PRODUCTS_DIR)/ExampleWithHasuraAndComplexInterface.app/$(BUNDLE_EXECUTABLE_FOLDER_PATH)/ExampleWithHasuraAndComplexInterface";
			};
			name = Release;
		};
		DEEEECCA2ADF750900EE3D87 /* Debug */ = {
			isa = XCBuildConfiguration;
			buildSettings = {
				ALWAYS_EMBED_SWIFT_STANDARD_LIBRARIES = YES;
				CODE_SIGN_STYLE = Automatic;
				CURRENT_PROJECT_VERSION = 1;
				DEVELOPMENT_TEAM = S5BF5553KY;
				GENERATE_INFOPLIST_FILE = YES;
				MARKETING_VERSION = 1.0;
				PRODUCT_BUNDLE_IDENTIFIER = net.just1factory.ExampleWithHasuraAndComplexInterfaceUITests;
				PRODUCT_NAME = "$(TARGET_NAME)";
				SWIFT_EMIT_LOC_STRINGS = NO;
				SWIFT_VERSION = 5.0;
				TARGETED_DEVICE_FAMILY = "1,2";
				TEST_TARGET_NAME = ExampleWithHasuraAndComplexInterface;
			};
			name = Debug;
		};
		DEEEECCB2ADF750900EE3D87 /* Release */ = {
			isa = XCBuildConfiguration;
			buildSettings = {
				ALWAYS_EMBED_SWIFT_STANDARD_LIBRARIES = YES;
				CODE_SIGN_STYLE = Automatic;
				CURRENT_PROJECT_VERSION = 1;
				DEVELOPMENT_TEAM = S5BF5553KY;
				GENERATE_INFOPLIST_FILE = YES;
				MARKETING_VERSION = 1.0;
				PRODUCT_BUNDLE_IDENTIFIER = net.just1factory.ExampleWithHasuraAndComplexInterfaceUITests;
				PRODUCT_NAME = "$(TARGET_NAME)";
				SWIFT_EMIT_LOC_STRINGS = NO;
				SWIFT_VERSION = 5.0;
				TARGETED_DEVICE_FAMILY = "1,2";
				TEST_TARGET_NAME = ExampleWithHasuraAndComplexInterface;
			};
			name = Release;
		};
/* End XCBuildConfiguration section */

/* Begin XCConfigurationList section */
		DEEEEC9A2ADF750800EE3D87 /* Build configuration list for PBXProject "ExampleWithHasuraAndComplexInterface" */ = {
			isa = XCConfigurationList;
			buildConfigurations = (
				DEEEECC12ADF750900EE3D87 /* Debug */,
				DEEEECC22ADF750900EE3D87 /* Release */,
			);
			defaultConfigurationIsVisible = 0;
			defaultConfigurationName = Release;
		};
		DEEEECC32ADF750900EE3D87 /* Build configuration list for PBXNativeTarget "ExampleWithHasuraAndComplexInterface" */ = {
			isa = XCConfigurationList;
			buildConfigurations = (
				DEEEECC42ADF750900EE3D87 /* Debug */,
				DEEEECC52ADF750900EE3D87 /* Release */,
			);
			defaultConfigurationIsVisible = 0;
			defaultConfigurationName = Release;
		};
		DEEEECC62ADF750900EE3D87 /* Build configuration list for PBXNativeTarget "ExampleWithHasuraAndComplexInterfaceTests" */ = {
			isa = XCConfigurationList;
			buildConfigurations = (
				DEEEECC72ADF750900EE3D87 /* Debug */,
				DEEEECC82ADF750900EE3D87 /* Release */,
			);
			defaultConfigurationIsVisible = 0;
			defaultConfigurationName = Release;
		};
		DEEEECC92ADF750900EE3D87 /* Build configuration list for PBXNativeTarget "ExampleWithHasuraAndComplexInterfaceUITests" */ = {
			isa = XCConfigurationList;
			buildConfigurations = (
				DEEEECCA2ADF750900EE3D87 /* Debug */,
				DEEEECCB2ADF750900EE3D87 /* Release */,
			);
			defaultConfigurationIsVisible = 0;
			defaultConfigurationName = Release;
		};
/* End XCConfigurationList section */
	};
	rootObject = DEEEEC972ADF750800EE3D87 /* Project object */;
}
