PODS:
  - ActiveLabel (1.1.0)
  - EasyTipView (2.1.0)
  - GrowingTextView (0.7.2)

DEPENDENCIES:
  - ActiveLabel
  - EasyTipView (~> 2.1)
  - GrowingTextView (= 0.7.2)

SPEC REPOS:
  trunk:
    - ActiveLabel
    - EasyTipView
    - GrowingTextView

SPEC CHECKSUMS:
  ActiveLabel: 5e3f4de79a1952d4604b845a0610d4776e4b82b3
  EasyTipView: a92b6edc377b81c5ac18e9fd35d5ee78e9409488
  GrowingTextView: 876bf42005b5e4a4fd740597db12caaf41f0fe6c

PODFILE CHECKSUM: 2c9c4ee51efda7044d988a2ced9d71ad62b8c80a

COCOAPODS: 1.11.3
